
Microsoft Visual Studio Solution File, Format Version 12.00
# Visual Studio Version 17
VisualStudioVersion = 17.10.34818.151
MinimumVisualStudioVersion = 10.0.40219.1
Project("{9A19103F-16F7-4668-BE54-9A1E7A4F7556}") = "BlazorWebApp", "BlazorWebApp\BlazorWebApp.csproj", "{BCDD60EB-5F35-44F3-9DC7-58E2DBABD4D7}"
EndProject
Project("{9A19103F-16F7-4668-BE54-9A1E7A4F7556}") = "WeatherApi", "WeatherApi\WeatherApi.csproj", "{4DBBB152-704A-4FD5-A425-34269DA326F0}"
EndProject
Global
	GlobalSection(SolutionConfigurationPlatforms) = preSolution
		Debug|Any CPU = Debug|Any CPU
		Release|Any CPU = Release|Any CPU
	EndGlobalSection
	GlobalSection(ProjectConfigurationPlatforms) = postSolution
		{BCDD60EB-5F35-44F3-9DC7-58E2DBABD4D7}.Debug|Any CPU.ActiveCfg = Debug|Any CPU
		{BCDD60EB-5F35-44F3-9DC7-58E2DBABD4D7}.Debug|Any CPU.Build.0 = Debug|Any CPU
		{BCDD60EB-5F35-44F3-9DC7-58E2DBABD4D7}.Release|Any CPU.ActiveCfg = Release|Any CPU
		{BCDD60EB-5F35-44F3-9DC7-58E2DBABD4D7}.Release|Any CPU.Build.0 = Release|Any CPU
		{4DBBB152-704A-4FD5-A425-34269DA326F0}.Debug|Any CPU.ActiveCfg = Debug|Any CPU
		{4DBBB152-704A-4FD5-A425-34269DA326F0}.Debug|Any CPU.Build.0 = Debug|Any CPU
		{4DBBB152-704A-4FD5-A425-34269DA326F0}.Release|Any CPU.ActiveCfg = Release|Any CPU
		{4DBBB152-704A-4FD5-A425-34269DA326F0}.Release|Any CPU.Build.0 = Release|Any CPU
	EndGlobalSection
	GlobalSection(SolutionProperties) = preSolution
		HideSolutionNode = FALSE
	EndGlobalSection
	GlobalSection(ExtensibilityGlobals) = postSolution
		SolutionGuid = {1550934C-E180-43FF-A4F3-090EC96AEAD5}
	EndGlobalSection
EndGlobal
